DEPENDENCIES
  apache2
  elasticsearch
    git: https://github.com/AlexanderZaytsev/elasticsearch.git
    revision: 7fad0c9089fdce7e993893d81bc4d64dab283d15
  kibana
  logstash
    git: https://github.com/foxycoder/chef-logstash.git
    revision: 71b3aa2cf4116d04f9fb5272b664e08cf2b1c407
  rabbitmq_cluster
    path: cookbooks/rabbitmq_cluster

GRAPH
  7-zip (1.0.2)
    windows (>= 1.2.2)
  apache2 (2.0.0)
    iptables (>= 0.0.0)
    logrotate (>= 0.0.0)
    pacman (>= 0.0.0)
  apt (2.6.0)
  ark (0.9.0)
    7-zip (>= 0.0.0)
    windows (>= 0.0.0)
  build-essential (2.0.6)
  chef_handler (1.1.6)
  elasticsearch (0.1.0)
    java (>= 0.0.0)
  erlang (1.5.6)
    apt (>= 1.7.0)
    build-essential (>= 0.0.0)
    yum (~> 3.0)
    yum-epel (>= 0.0.0)
    yum-erlang_solutions (>= 0.0.0)
  hostsfile (2.4.5)
  iptables (0.14.0)
  java (1.28.0)
  kibana (0.1.8)
    apache2 (>= 2.0)
    ark (>= 0.0.0)
    build-essential (>= 0.0.0)
  logrotate (1.7.0)
  logstash (0.1.0)
    apt (>= 0.0.0)
    logrotate (>= 0.0.0)
    python (>= 0.0.0)
    yum (>= 0.0.0)
  pacman (1.1.1)
  python (1.4.6)
    build-essential (>= 0.0.0)
    yum-epel (>= 0.0.0)
  rabbitmq (3.3.0)
    erlang (>= 0.9)
  rabbitmq_cluster (0.0.0)
    hostsfile (>= 0.0.0)
    rabbitmq (>= 0.0.0)
  windows (1.34.6)
    chef_handler (>= 0.0.0)
  yum (3.3.2)
  yum-epel (0.5.1)
    yum (~> 3.0)
  yum-erlang_solutions (0.2.0)
    yum (~> 3.0)
